
Microsoft Visual Studio Solution File, Format Version 12.00
# Visual Studio Version 17
VisualStudioVersion = 17.11.35208.52
MinimumVisualStudioVersion = 10.0.40219.1
Project("{FAE04EC0-301F-11D3-BF4B-00C04F79EFBC}") = "WebApplication2", "WebApplication2\WebApplication2.csproj", "{48BF7178-54AB-4547-A698-4D9A7ACEB81B}"
EndProject
Project("{FAE04EC0-301F-11D3-BF4B-00C04F79EFBC}") = "UMS.DAL", "UMS.DAL\UMS.DAL.csproj", "{2A6EB905-997E-4CD7-885E-389B4D556934}"
EndProject
Project("{FAE04EC0-301F-11D3-BF4B-00C04F79EFBC}") = "UMS.Core", "UMS.Core\UMS.Core.csproj", "{14AE28B0-6334-4259-A2F9-D5CAFAF89C3F}"
EndProject
Project("{FAE04EC0-301F-11D3-BF4B-00C04F79EFBC}") = "UMS.BL", "UMS.BL\UMS.BL.csproj", "{609BBAD2-6563-4460-8618-163E9826A1F2}"
EndProject
Global
	GlobalSection(SolutionConfigurationPlatforms) = preSolution
		Debug|Any CPU = Debug|Any CPU
		Release|Any CPU = Release|Any CPU
	EndGlobalSection
	GlobalSection(ProjectConfigurationPlatforms) = postSolution
		{48BF7178-54AB-4547-A698-4D9A7ACEB81B}.Debug|Any CPU.ActiveCfg = Debug|Any CPU
		{48BF7178-54AB-4547-A698-4D9A7ACEB81B}.Debug|Any CPU.Build.0 = Debug|Any CPU
		{48BF7178-54AB-4547-A698-4D9A7ACEB81B}.Release|Any CPU.ActiveCfg = Release|Any CPU
		{48BF7178-54AB-4547-A698-4D9A7ACEB81B}.Release|Any CPU.Build.0 = Release|Any CPU
		{2A6EB905-997E-4CD7-885E-389B4D556934}.Debug|Any CPU.ActiveCfg = Debug|Any CPU
		{2A6EB905-997E-4CD7-885E-389B4D556934}.Debug|Any CPU.Build.0 = Debug|Any CPU
		{2A6EB905-997E-4CD7-885E-389B4D556934}.Release|Any CPU.ActiveCfg = Release|Any CPU
		{2A6EB905-997E-4CD7-885E-389B4D556934}.Release|Any CPU.Build.0 = Release|Any CPU
		{14AE28B0-6334-4259-A2F9-D5CAFAF89C3F}.Debug|Any CPU.ActiveCfg = Debug|Any CPU
		{14AE28B0-6334-4259-A2F9-D5CAFAF89C3F}.Debug|Any CPU.Build.0 = Debug|Any CPU
		{14AE28B0-6334-4259-A2F9-D5CAFAF89C3F}.Release|Any CPU.ActiveCfg = Release|Any CPU
		{14AE28B0-6334-4259-A2F9-D5CAFAF89C3F}.Release|Any CPU.Build.0 = Release|Any CPU
		{609BBAD2-6563-4460-8618-163E9826A1F2}.Debug|Any CPU.ActiveCfg = Debug|Any CPU
		{609BBAD2-6563-4460-8618-163E9826A1F2}.Debug|Any CPU.Build.0 = Debug|Any CPU
		{609BBAD2-6563-4460-8618-163E9826A1F2}.Release|Any CPU.ActiveCfg = Release|Any CPU
		{609BBAD2-6563-4460-8618-163E9826A1F2}.Release|Any CPU.Build.0 = Release|Any CPU
	EndGlobalSection
	GlobalSection(SolutionProperties) = preSolution
		HideSolutionNode = FALSE
	EndGlobalSection
	GlobalSection(ExtensibilityGlobals) = postSolution
		SolutionGuid = {183710C9-5400-4F9C-8336-33892E907F50}
	EndGlobalSection
EndGlobal
